# This file is automatically @generated by Cargo.
# It is not intended for manual editing.
version = 4

[[package]]
name = "shinrai-exchange-simulator"
version = "0.1.0"
dependencies = [
 "shinrai-instruments",
 "shinrai-ledger",
 "shinrai-orders",
]

[[package]]
name = "shinrai-instruments"
version = "0.1.0"
dependencies = [
 "shinrai-money",
]

[[package]]
name = "shinrai-ledger"
version = "0.1.0"
dependencies = [
 "shinrai-instruments",
 "shinrai-money",
]

[[package]]
name = "shinrai-money"
version = "0.1.0"

[[package]]
name = "shinrai-orders"
version = "0.1.0"
dependencies = [
 "shinrai-instruments",
 "shinrai-ledger",
]

[[package]]
name = "shinrai-paper"
version = "0.1.0"
dependencies = [
 "shinrai-exchange-simulator",
 "shinrai-instruments",
 "shinrai-ledger",
 "shinrai-money",
 "shinrai-orders",
]
