# This file is automatically @generated by Cargo.
# It is not intended for manual editing.
version = 4

[[package]]
name = "shinrai-instruments"
version = "0.1.0"
dependencies = [
 "shinrai-money",
]

[[package]]
name = "shinrai-ledger"
version = "0.1.0"
dependencies = [
 "shinrai-instruments",
 "shinrai-money",
]

[[package]]
name = "shinrai-money"
version = "0.1.0"
